
Microsoft Visual Studio Solution File, Format Version 12.00
# Visual Studio Version 17
VisualStudioVersion = 17.10.35122.118
MinimumVisualStudioVersion = 10.0.40219.1
Project("{FAE04EC0-301F-11D3-BF4B-00C04F79EFBC}") = "WebApiPerson", "WebApiPerson.csproj", "{0200EBA0-5A00-48CC-9808-1429B9DEF920}"
EndProject
Global
	GlobalSection(SolutionConfigurationPlatforms) = preSolution
		Debug|Any CPU = Debug|Any CPU
		Release|Any CPU = Release|Any CPU
	EndGlobalSection
	GlobalSection(ProjectConfigurationPlatforms) = postSolution
		{0200EBA0-5A00-48CC-9808-1429B9DEF920}.Debug|Any CPU.ActiveCfg = Debug|Any CPU
		{0200EBA0-5A00-48CC-9808-1429B9DEF920}.Debug|Any CPU.Build.0 = Debug|Any CPU
		{0200EBA0-5A00-48CC-9808-1429B9DEF920}.Release|Any CPU.ActiveCfg = Release|Any CPU
		{0200EBA0-5A00-48CC-9808-1429B9DEF920}.Release|Any CPU.Build.0 = Release|Any CPU
	EndGlobalSection
	GlobalSection(SolutionProperties) = preSolution
		HideSolutionNode = FALSE
	EndGlobalSection
	GlobalSection(ExtensibilityGlobals) = postSolution
		SolutionGuid = {53C9614C-D8BB-47BD-8BB4-D3E615233E47}
	EndGlobalSection
EndGlobal
